
Microsoft Visual Studio Solution File, Format Version 12.00
# Visual Studio Version 17
VisualStudioVersion = 17.0.31903.59
MinimumVisualStudioVersion = 10.0.40219.1
Project("{2150E333-8FDC-42A3-9474-1A3956D46DE8}") = "src", "src", "{827E0CD3-B72D-47B6-A68D-7590B98EB39B}"
EndProject
Project("{FAE04EC0-301F-11D3-BF4B-00C04F79EFBC}") = "QuantAnalyst.Native", "src\QuantAnalyst.Native\QuantAnalyst.Native.csproj", "{824093C4-3627-4E25-AE0F-CF02740A9FF4}"
EndProject
Project("{2150E333-8FDC-42A3-9474-1A3956D46DE8}") = "tests", "tests", "{0AB3BF05-4346-4AA6-1389-037BE0695223}"
EndProject
Project("{FAE04EC0-301F-11D3-BF4B-00C04F79EFBC}") = "QuantAnalyst.Native.Tests", "tests\QuantAnalyst.Native.Tests\QuantAnalyst.Native.Tests.csproj", "{D842DDD9-AA2D-4E6E-83DD-59AC206F673E}"
EndProject
Project("{2150E333-8FDC-42A3-9474-1A3956D46DE8}") = "bench", "bench", "{760AB15A-8938-8D9B-BEDE-5CE1484B84C3}"
EndProject
Project("{FAE04EC0-301F-11D3-BF4B-00C04F79EFBC}") = "QuantAnalyst.Bench", "bench\QuantAnalyst.Bench\QuantAnalyst.Bench.csproj", "{AC4471FF-7477-4A19-AB21-03C29280A917}"
EndProject
Project("{FAE04EC0-301F-11D3-BF4B-00C04F79EFBC}") = "QuantAnalyst.Analytics", "src\QuantAnalyst.Analytics\QuantAnalyst.Analytics.csproj", "{D42D4E25-D7F8-441E-A9DF-6DC97E3FAFC0}"
EndProject
Project("{FAE04EC0-301F-11D3-BF4B-00C04F79EFBC}") = "QuantAnalyst.Cli", "src\QuantAnalyst.Cli\QuantAnalyst.Cli.csproj", "{063F0D90-21B0-4B4F-A849-3859E1E3E67C}"
EndProject
Project("{FAE04EC0-301F-11D3-BF4B-00C04F79EFBC}") = "QuantAnalyst.Analytics.Tests", "tests\QuantAnalyst.Analytics.Tests\QuantAnalyst.Analytics.Tests.csproj", "{E3239E7D-D1DF-48AD-8B19-471D23F0B80E}"
EndProject
Project("{FAE04EC0-301F-11D3-BF4B-00C04F79EFBC}") = "QuantAnalyst.Core", "src\QuantAnalyst.Core\QuantAnalyst.Core.csproj", "{8010F683-8BA8-4D9C-9B0E-E51DE3F5DF3B}"
EndProject
Project("{FAE04EC0-301F-11D3-BF4B-00C04F79EFBC}") = "QuantAnalyst.Core.Tests", "tests\QuantAnalyst.Core.Tests\QuantAnalyst.Core.Tests.csproj", "{22015D10-9CDE-472B-8EB6-B7B4F8F52C2C}"
EndProject
Project("{FAE04EC0-301F-11D3-BF4B-00C04F79EFBC}") = "QuantAnalyst.Avanza", "src\QuantAnalyst.Avanza\QuantAnalyst.Avanza.csproj", "{FDB48F9D-9A31-4D1D-AF37-F769B7F086B9}"
EndProject
Project("{FAE04EC0-301F-11D3-BF4B-00C04F79EFBC}") = "QuantAnalyst.Avanza.Tests", "tests\QuantAnalyst.Avanza.Tests\QuantAnalyst.Avanza.Tests.csproj", "{E805379D-AFFE-4430-A803-E54F579551F0}"
EndProject
Project("{FAE04EC0-301F-11D3-BF4B-00C04F79EFBC}") = "QuantAnalyst.Data", "src\QuantAnalyst.Data\QuantAnalyst.Data.csproj", "{0AAF3F8D-173F-4515-9409-B46AB57FEB4E}"
EndProject
Project("{FAE04EC0-301F-11D3-BF4B-00C04F79EFBC}") = "QuantAnalyst.Data.Tests", "tests\QuantAnalyst.Data.Tests\QuantAnalyst.Data.Tests.csproj", "{005EB68C-89AC-4131-860D-3C626468278D}"
EndProject
Project("{FAE04EC0-301F-11D3-BF4B-00C04F79EFBC}") = "QuantAnalyst.Trading", "src\QuantAnalyst.Trading\QuantAnalyst.Trading.csproj", "{434D2C84-58A3-4E0B-9E74-66C9408BB7D7}"
EndProject
Project("{FAE04EC0-301F-11D3-BF4B-00C04F79EFBC}") = "QuantAnalyst.Trading.Tests", "tests\QuantAnalyst.Trading.Tests\QuantAnalyst.Trading.Tests.csproj", "{EE79A16F-73B6-4272-94CC-DDA5473E5C1E}"
EndProject
Project("{FAE04EC0-301F-11D3-BF4B-00C04F79EFBC}") = "QuantAnalyst.Desktop.Core", "src\QuantAnalyst.Desktop.Core\QuantAnalyst.Desktop.Core.csproj", "{B57D9131-B2AE-4C58-9655-D5797D4BB491}"
EndProject
Project("{FAE04EC0-301F-11D3-BF4B-00C04F79EFBC}") = "QuantAnalyst.Desktop.Tests", "tests\QuantAnalyst.Desktop.Tests\QuantAnalyst.Desktop.Tests.csproj", "{1ABE850C-F731-4ABE-A00F-036E483EFCDE}"
EndProject
Global
	GlobalSection(SolutionConfigurationPlatforms) = preSolution
		Debug|Any CPU = Debug|Any CPU
		Debug|x64 = Debug|x64
		Debug|x86 = Debug|x86
		Release|Any CPU = Release|Any CPU
		Release|x64 = Release|x64
		Release|x86 = Release|x86
	EndGlobalSection
	GlobalSection(ProjectConfigurationPlatforms) = postSolution
		{824093C4-3627-4E25-AE0F-CF02740A9FF4}.Debug|Any CPU.ActiveCfg = Debug|Any CPU
		{824093C4-3627-4E25-AE0F-CF02740A9FF4}.Debug|Any CPU.Build.0 = Debug|Any CPU
		{824093C4-3627-4E25-AE0F-CF02740A9FF4}.Debug|x64.ActiveCfg = Debug|Any CPU
		{824093C4-3627-4E25-AE0F-CF02740A9FF4}.Debug|x64.Build.0 = Debug|Any CPU
		{824093C4-3627-4E25-AE0F-CF02740A9FF4}.Debug|x86.ActiveCfg = Debug|Any CPU
		{824093C4-3627-4E25-AE0F-CF02740A9FF4}.Debug|x86.Build.0 = Debug|Any CPU
		{824093C4-3627-4E25-AE0F-CF02740A9FF4}.Release|Any CPU.ActiveCfg = Release|Any CPU
		{824093C4-3627-4E25-AE0F-CF02740A9FF4}.Release|Any CPU.Build.0 = Release|Any CPU
		{824093C4-3627-4E25-AE0F-CF02740A9FF4}.Release|x64.ActiveCfg = Release|Any CPU
		{824093C4-3627-4E25-AE0F-CF02740A9FF4}.Release|x64.Build.0 = Release|Any CPU
		{824093C4-3627-4E25-AE0F-CF02740A9FF4}.Release|x86.ActiveCfg = Release|Any CPU
		{824093C4-3627-4E25-AE0F-CF02740A9FF4}.Release|x86.Build.0 = Release|Any CPU
		{D842DDD9-AA2D-4E6E-83DD-59AC206F673E}.Debug|Any CPU.ActiveCfg = Debug|Any CPU
		{D842DDD9-AA2D-4E6E-83DD-59AC206F673E}.Debug|Any CPU.Build.0 = Debug|Any CPU
		{D842DDD9-AA2D-4E6E-83DD-59AC206F673E}.Debug|x64.ActiveCfg = Debug|Any CPU
		{D842DDD9-AA2D-4E6E-83DD-59AC206F673E}.Debug|x64.Build.0 = Debug|Any CPU
		{D842DDD9-AA2D-4E6E-83DD-59AC206F673E}.Debug|x86.ActiveCfg = Debug|Any CPU
		{D842DDD9-AA2D-4E6E-83DD-59AC206F673E}.Debug|x86.Build.0 = Debug|Any CPU
		{D842DDD9-AA2D-4E6E-83DD-59AC206F673E}.Release|Any CPU.ActiveCfg = Release|Any CPU
		{D842DDD9-AA2D-4E6E-83DD-59AC206F673E}.Release|Any CPU.Build.0 = Release|Any CPU
		{D842DDD9-AA2D-4E6E-83DD-59AC206F673E}.Release|x64.ActiveCfg = Release|Any CPU
		{D842DDD9-AA2D-4E6E-83DD-59AC206F673E}.Release|x64.Build.0 = Release|Any CPU
		{D842DDD9-AA2D-4E6E-83DD-59AC206F673E}.Release|x86.ActiveCfg = Release|Any CPU
		{D842DDD9-AA2D-4E6E-83DD-59AC206F673E}.Release|x86.Build.0 = Release|Any CPU
		{AC4471FF-7477-4A19-AB21-03C29280A917}.Debug|Any CPU.ActiveCfg = Debug|Any CPU
		{AC4471FF-7477-4A19-AB21-03C29280A917}.Debug|Any CPU.Build.0 = Debug|Any CPU
		{AC4471FF-7477-4A19-AB21-03C29280A917}.Debug|x64.ActiveCfg = Debug|Any CPU
		{AC4471FF-7477-4A19-AB21-03C29280A917}.Debug|x64.Build.0 = Debug|Any CPU
		{AC4471FF-7477-4A19-AB21-03C29280A917}.Debug|x86.ActiveCfg = Debug|Any CPU
		{AC4471FF-7477-4A19-AB21-03C29280A917}.Debug|x86.Build.0 = Debug|Any CPU
		{AC4471FF-7477-4A19-AB21-03C29280A917}.Release|Any CPU.ActiveCfg = Release|Any CPU
		{AC4471FF-7477-4A19-AB21-03C29280A917}.Release|Any CPU.Build.0 = Release|Any CPU
		{AC4471FF-7477-4A19-AB21-03C29280A917}.Release|x64.ActiveCfg = Release|Any CPU
		{AC4471FF-7477-4A19-AB21-03C29280A917}.Release|x64.Build.0 = Release|Any CPU
		{AC4471FF-7477-4A19-AB21-03C29280A917}.Release|x86.ActiveCfg = Release|Any CPU
		{AC4471FF-7477-4A19-AB21-03C29280A917}.Release|x86.Build.0 = Release|Any CPU
		{D42D4E25-D7F8-441E-A9DF-6DC97E3FAFC0}.Debug|Any CPU.ActiveCfg = Debug|Any CPU
		{D42D4E25-D7F8-441E-A9DF-6DC97E3FAFC0}.Debug|Any CPU.Build.0 = Debug|Any CPU
		{D42D4E25-D7F8-441E-A9DF-6DC97E3FAFC0}.Debug|x64.ActiveCfg = Debug|Any CPU
		{D42D4E25-D7F8-441E-A9DF-6DC97E3FAFC0}.Debug|x64.Build.0 = Debug|Any CPU
		{D42D4E25-D7F8-441E-A9DF-6DC97E3FAFC0}.Debug|x86.ActiveCfg = Debug|Any CPU
		{D42D4E25-D7F8-441E-A9DF-6DC97E3FAFC0}.Debug|x86.Build.0 = Debug|Any CPU
		{D42D4E25-D7F8-441E-A9DF-6DC97E3FAFC0}.Release|Any CPU.ActiveCfg = Release|Any CPU
		{D42D4E25-D7F8-441E-A9DF-6DC97E3FAFC0}.Release|Any CPU.Build.0 = Release|Any CPU
		{D42D4E25-D7F8-441E-A9DF-6DC97E3FAFC0}.Release|x64.ActiveCfg = Release|Any CPU
		{D42D4E25-D7F8-441E-A9DF-6DC97E3FAFC0}.Release|x64.Build.0 = Release|Any CPU
		{D42D4E25-D7F8-441E-A9DF-6DC97E3FAFC0}.Release|x86.ActiveCfg = Release|Any CPU
		{D42D4E25-D7F8-441E-A9DF-6DC97E3FAFC0}.Release|x86.Build.0 = Release|Any CPU
		{063F0D90-21B0-4B4F-A849-3859E1E3E67C}.Debug|Any CPU.ActiveCfg = Debug|Any CPU
		{063F0D90-21B0-4B4F-A849-3859E1E3E67C}.Debug|Any CPU.Build.0 = Debug|Any CPU
		{063F0D90-21B0-4B4F-A849-3859E1E3E67C}.Debug|x64.ActiveCfg = Debug|Any CPU
		{063F0D90-21B0-4B4F-A849-3859E1E3E67C}.Debug|x64.Build.0 = Debug|Any CPU
		{063F0D90-21B0-4B4F-A849-3859E1E3E67C}.Debug|x86.ActiveCfg = Debug|Any CPU
		{063F0D90-21B0-4B4F-A849-3859E1E3E67C}.Debug|x86.Build.0 = Debug|Any CPU
		{063F0D90-21B0-4B4F-A849-3859E1E3E67C}.Release|Any CPU.ActiveCfg = Release|Any CPU
		{063F0D90-21B0-4B4F-A849-3859E1E3E67C}.Release|Any CPU.Build.0 = Release|Any CPU
		{063F0D90-21B0-4B4F-A849-3859E1E3E67C}.Release|x64.ActiveCfg = Release|Any CPU
		{063F0D90-21B0-4B4F-A849-3859E1E3E67C}.Release|x64.Build.0 = Release|Any CPU
		{063F0D90-21B0-4B4F-A849-3859E1E3E67C}.Release|x86.ActiveCfg = Release|Any CPU
		{063F0D90-21B0-4B4F-A849-3859E1E3E67C}.Release|x86.Build.0 = Release|Any CPU
		{E3239E7D-D1DF-48AD-8B19-471D23F0B80E}.Debug|Any CPU.ActiveCfg = Debug|Any CPU
		{E3239E7D-D1DF-48AD-8B19-471D23F0B80E}.Debug|Any CPU.Build.0 = Debug|Any CPU
		{E3239E7D-D1DF-48AD-8B19-471D23F0B80E}.Debug|x64.ActiveCfg = Debug|Any CPU
		{E3239E7D-D1DF-48AD-8B19-471D23F0B80E}.Debug|x64.Build.0 = Debug|Any CPU
		{E3239E7D-D1DF-48AD-8B19-471D23F0B80E}.Debug|x86.ActiveCfg = Debug|Any CPU
		{E3239E7D-D1DF-48AD-8B19-471D23F0B80E}.Debug|x86.Build.0 = Debug|Any CPU
		{E3239E7D-D1DF-48AD-8B19-471D23F0B80E}.Release|Any CPU.ActiveCfg = Release|Any CPU
		{E3239E7D-D1DF-48AD-8B19-471D23F0B80E}.Release|Any CPU.Build.0 = Release|Any CPU
		{E3239E7D-D1DF-48AD-8B19-471D23F0B80E}.Release|x64.ActiveCfg = Release|Any CPU
		{E3239E7D-D1DF-48AD-8B19-471D23F0B80E}.Release|x64.Build.0 = Release|Any CPU
		{E3239E7D-D1DF-48AD-8B19-471D23F0B80E}.Release|x86.ActiveCfg = Release|Any CPU
		{E3239E7D-D1DF-48AD-8B19-471D23F0B80E}.Release|x86.Build.0 = Release|Any CPU
		{8010F683-8BA8-4D9C-9B0E-E51DE3F5DF3B}.Debug|Any CPU.ActiveCfg = Debug|Any CPU
		{8010F683-8BA8-4D9C-9B0E-E51DE3F5DF3B}.Debug|Any CPU.Build.0 = Debug|Any CPU
		{8010F683-8BA8-4D9C-9B0E-E51DE3F5DF3B}.Debug|x64.ActiveCfg = Debug|Any CPU
		{8010F683-8BA8-4D9C-9B0E-E51DE3F5DF3B}.Debug|x64.Build.0 = Debug|Any CPU
		{8010F683-8BA8-4D9C-9B0E-E51DE3F5DF3B}.Debug|x86.ActiveCfg = Debug|Any CPU
		{8010F683-8BA8-4D9C-9B0E-E51DE3F5DF3B}.Debug|x86.Build.0 = Debug|Any CPU
		{8010F683-8BA8-4D9C-9B0E-E51DE3F5DF3B}.Release|Any CPU.ActiveCfg = Release|Any CPU
		{8010F683-8BA8-4D9C-9B0E-E51DE3F5DF3B}.Release|Any CPU.Build.0 = Release|Any CPU
		{8010F683-8BA8-4D9C-9B0E-E51DE3F5DF3B}.Release|x64.ActiveCfg = Release|Any CPU
		{8010F683-8BA8-4D9C-9B0E-E51DE3F5DF3B}.Release|x64.Build.0 = Release|Any CPU
		{8010F683-8BA8-4D9C-9B0E-E51DE3F5DF3B}.Release|x86.ActiveCfg = Release|Any CPU
		{8010F683-8BA8-4D9C-9B0E-E51DE3F5DF3B}.Release|x86.Build.0 = Release|Any CPU
		{22015D10-9CDE-472B-8EB6-B7B4F8F52C2C}.Debug|Any CPU.ActiveCfg = Debug|Any CPU
		{22015D10-9CDE-472B-8EB6-B7B4F8F52C2C}.Debug|Any CPU.Build.0 = Debug|Any CPU
		{22015D10-9CDE-472B-8EB6-B7B4F8F52C2C}.Debug|x64.ActiveCfg = Debug|Any CPU
		{22015D10-9CDE-472B-8EB6-B7B4F8F52C2C}.Debug|x64.Build.0 = Debug|Any CPU
		{22015D10-9CDE-472B-8EB6-B7B4F8F52C2C}.Debug|x86.ActiveCfg = Debug|Any CPU
		{22015D10-9CDE-472B-8EB6-B7B4F8F52C2C}.Debug|x86.Build.0 = Debug|Any CPU
		{22015D10-9CDE-472B-8EB6-B7B4F8F52C2C}.Release|Any CPU.ActiveCfg = Release|Any CPU
		{22015D10-9CDE-472B-8EB6-B7B4F8F52C2C}.Release|Any CPU.Build.0 = Release|Any CPU
		{22015D10-9CDE-472B-8EB6-B7B4F8F52C2C}.Release|x64.ActiveCfg = Release|Any CPU
		{22015D10-9CDE-472B-8EB6-B7B4F8F52C2C}.Release|x64.Build.0 = Release|Any CPU
		{22015D10-9CDE-472B-8EB6-B7B4F8F52C2C}.Release|x86.ActiveCfg = Release|Any CPU
		{22015D10-9CDE-472B-8EB6-B7B4F8F52C2C}.Release|x86.Build.0 = Release|Any CPU
		{FDB48F9D-9A31-4D1D-AF37-F769B7F086B9}.Debug|Any CPU.ActiveCfg = Debug|Any CPU
		{FDB48F9D-9A31-4D1D-AF37-F769B7F086B9}.Debug|Any CPU.Build.0 = Debug|Any CPU
		{FDB48F9D-9A31-4D1D-AF37-F769B7F086B9}.Debug|x64.ActiveCfg = Debug|Any CPU
		{FDB48F9D-9A31-4D1D-AF37-F769B7F086B9}.Debug|x64.Build.0 = Debug|Any CPU
		{FDB48F9D-9A31-4D1D-AF37-F769B7F086B9}.Debug|x86.ActiveCfg = Debug|Any CPU
		{FDB48F9D-9A31-4D1D-AF37-F769B7F086B9}.Debug|x86.Build.0 = Debug|Any CPU
		{FDB48F9D-9A31-4D1D-AF37-F769B7F086B9}.Release|Any CPU.ActiveCfg = Release|Any CPU
		{FDB48F9D-9A31-4D1D-AF37-F769B7F086B9}.Release|Any CPU.Build.0 = Release|Any CPU
		{FDB48F9D-9A31-4D1D-AF37-F769B7F086B9}.Release|x64.ActiveCfg = Release|Any CPU
		{FDB48F9D-9A31-4D1D-AF37-F769B7F086B9}.Release|x64.Build.0 = Release|Any CPU
		{FDB48F9D-9A31-4D1D-AF37-F769B7F086B9}.Release|x86.ActiveCfg = Release|Any CPU
		{FDB48F9D-9A31-4D1D-AF37-F769B7F086B9}.Release|x86.Build.0 = Release|Any CPU
		{E805379D-AFFE-4430-A803-E54F579551F0}.Debug|Any CPU.ActiveCfg = Debug|Any CPU
		{E805379D-AFFE-4430-A803-E54F579551F0}.Debug|Any CPU.Build.0 = Debug|Any CPU
		{E805379D-AFFE-4430-A803-E54F579551F0}.Debug|x64.ActiveCfg = Debug|Any CPU
		{E805379D-AFFE-4430-A803-E54F579551F0}.Debug|x64.Build.0 = Debug|Any CPU
		{E805379D-AFFE-4430-A803-E54F579551F0}.Debug|x86.ActiveCfg = Debug|Any CPU
		{E805379D-AFFE-4430-A803-E54F579551F0}.Debug|x86.Build.0 = Debug|Any CPU
		{E805379D-AFFE-4430-A803-E54F579551F0}.Release|Any CPU.ActiveCfg = Release|Any CPU
		{E805379D-AFFE-4430-A803-E54F579551F0}.Release|Any CPU.Build.0 = Release|Any CPU
		{E805379D-AFFE-4430-A803-E54F579551F0}.Release|x64.ActiveCfg = Release|Any CPU
		{E805379D-AFFE-4430-A803-E54F579551F0}.Release|x64.Build.0 = Release|Any CPU
		{E805379D-AFFE-4430-A803-E54F579551F0}.Release|x86.ActiveCfg = Release|Any CPU
		{E805379D-AFFE-4430-A803-E54F579551F0}.Release|x86.Build.0 = Release|Any CPU
		{0AAF3F8D-173F-4515-9409-B46AB57FEB4E}.Debug|Any CPU.ActiveCfg = Debug|Any CPU
		{0AAF3F8D-173F-4515-9409-B46AB57FEB4E}.Debug|Any CPU.Build.0 = Debug|Any CPU
		{0AAF3F8D-173F-4515-9409-B46AB57FEB4E}.Debug|x64.ActiveCfg = Debug|Any CPU
		{0AAF3F8D-173F-4515-9409-B46AB57FEB4E}.Debug|x64.Build.0 = Debug|Any CPU
		{0AAF3F8D-173F-4515-9409-B46AB57FEB4E}.Debug|x86.ActiveCfg = Debug|Any CPU
		{0AAF3F8D-173F-4515-9409-B46AB57FEB4E}.Debug|x86.Build.0 = Debug|Any CPU
		{0AAF3F8D-173F-4515-9409-B46AB57FEB4E}.Release|Any CPU.ActiveCfg = Release|Any CPU
		{0AAF3F8D-173F-4515-9409-B46AB57FEB4E}.Release|Any CPU.Build.0 = Release|Any CPU
		{0AAF3F8D-173F-4515-9409-B46AB57FEB4E}.Release|x64.ActiveCfg = Release|Any CPU
		{0AAF3F8D-173F-4515-9409-B46AB57FEB4E}.Release|x64.Build.0 = Release|Any CPU
		{0AAF3F8D-173F-4515-9409-B46AB57FEB4E}.Release|x86.ActiveCfg = Release|Any CPU
		{0AAF3F8D-173F-4515-9409-B46AB57FEB4E}.Release|x86.Build.0 = Release|Any CPU
		{005EB68C-89AC-4131-860D-3C626468278D}.Debug|Any CPU.ActiveCfg = Debug|Any CPU
		{005EB68C-89AC-4131-860D-3C626468278D}.Debug|Any CPU.Build.0 = Debug|Any CPU
		{005EB68C-89AC-4131-860D-3C626468278D}.Debug|x64.ActiveCfg = Debug|Any CPU
		{005EB68C-89AC-4131-860D-3C626468278D}.Debug|x64.Build.0 = Debug|Any CPU
		{005EB68C-89AC-4131-860D-3C626468278D}.Debug|x86.ActiveCfg = Debug|Any CPU
		{005EB68C-89AC-4131-860D-3C626468278D}.Debug|x86.Build.0 = Debug|Any CPU
		{005EB68C-89AC-4131-860D-3C626468278D}.Release|Any CPU.ActiveCfg = Release|Any CPU
		{005EB68C-89AC-4131-860D-3C626468278D}.Release|Any CPU.Build.0 = Release|Any CPU
		{005EB68C-89AC-4131-860D-3C626468278D}.Release|x64.ActiveCfg = Release|Any CPU
		{005EB68C-89AC-4131-860D-3C626468278D}.Release|x64.Build.0 = Release|Any CPU
		{005EB68C-89AC-4131-860D-3C626468278D}.Release|x86.ActiveCfg = Release|Any CPU
		{005EB68C-89AC-4131-860D-3C626468278D}.Release|x86.Build.0 = Release|Any CPU
		{434D2C84-58A3-4E0B-9E74-66C9408BB7D7}.Debug|Any CPU.ActiveCfg = Debug|Any CPU
		{434D2C84-58A3-4E0B-9E74-66C9408BB7D7}.Debug|Any CPU.Build.0 = Debug|Any CPU
		{434D2C84-58A3-4E0B-9E74-66C9408BB7D7}.Debug|x64.ActiveCfg = Debug|Any CPU
		{434D2C84-58A3-4E0B-9E74-66C9408BB7D7}.Debug|x64.Build.0 = Debug|Any CPU
		{434D2C84-58A3-4E0B-9E74-66C9408BB7D7}.Debug|x86.ActiveCfg = Debug|Any CPU
		{434D2C84-58A3-4E0B-9E74-66C9408BB7D7}.Debug|x86.Build.0 = Debug|Any CPU
		{434D2C84-58A3-4E0B-9E74-66C9408BB7D7}.Release|Any CPU.ActiveCfg = Release|Any CPU
		{434D2C84-58A3-4E0B-9E74-66C9408BB7D7}.Release|Any CPU.Build.0 = Release|Any CPU
		{434D2C84-58A3-4E0B-9E74-66C9408BB7D7}.Release|x64.ActiveCfg = Release|Any CPU
		{434D2C84-58A3-4E0B-9E74-66C9408BB7D7}.Release|x64.Build.0 = Release|Any CPU
		{434D2C84-58A3-4E0B-9E74-66C9408BB7D7}.Release|x86.ActiveCfg = Release|Any CPU
		{434D2C84-58A3-4E0B-9E74-66C9408BB7D7}.Release|x86.Build.0 = Release|Any CPU
		{EE79A16F-73B6-4272-94CC-DDA5473E5C1E}.Debug|Any CPU.ActiveCfg = Debug|Any CPU
		{EE79A16F-73B6-4272-94CC-DDA5473E5C1E}.Debug|Any CPU.Build.0 = Debug|Any CPU
		{EE79A16F-73B6-4272-94CC-DDA5473E5C1E}.Debug|x64.ActiveCfg = Debug|Any CPU
		{EE79A16F-73B6-4272-94CC-DDA5473E5C1E}.Debug|x64.Build.0 = Debug|Any CPU
		{EE79A16F-73B6-4272-94CC-DDA5473E5C1E}.Debug|x86.ActiveCfg = Debug|Any CPU
		{EE79A16F-73B6-4272-94CC-DDA5473E5C1E}.Debug|x86.Build.0 = Debug|Any CPU
		{EE79A16F-73B6-4272-94CC-DDA5473E5C1E}.Release|Any CPU.ActiveCfg = Release|Any CPU
		{EE79A16F-73B6-4272-94CC-DDA5473E5C1E}.Release|Any CPU.Build.0 = Release|Any CPU
		{EE79A16F-73B6-4272-94CC-DDA5473E5C1E}.Release|x64.ActiveCfg = Release|Any CPU
		{EE79A16F-73B6-4272-94CC-DDA5473E5C1E}.Release|x64.Build.0 = Release|Any CPU
		{EE79A16F-73B6-4272-94CC-DDA5473E5C1E}.Release|x86.ActiveCfg = Release|Any CPU
		{EE79A16F-73B6-4272-94CC-DDA5473E5C1E}.Release|x86.Build.0 = Release|Any CPU
		{B57D9131-B2AE-4C58-9655-D5797D4BB491}.Debug|Any CPU.ActiveCfg = Debug|Any CPU
		{B57D9131-B2AE-4C58-9655-D5797D4BB491}.Debug|Any CPU.Build.0 = Debug|Any CPU
		{B57D9131-B2AE-4C58-9655-D5797D4BB491}.Debug|x64.ActiveCfg = Debug|Any CPU
		{B57D9131-B2AE-4C58-9655-D5797D4BB491}.Debug|x64.Build.0 = Debug|Any CPU
		{B57D9131-B2AE-4C58-9655-D5797D4BB491}.Debug|x86.ActiveCfg = Debug|Any CPU
		{B57D9131-B2AE-4C58-9655-D5797D4BB491}.Debug|x86.Build.0 = Debug|Any CPU
		{B57D9131-B2AE-4C58-9655-D5797D4BB491}.Release|Any CPU.ActiveCfg = Release|Any CPU
		{B57D9131-B2AE-4C58-9655-D5797D4BB491}.Release|Any CPU.Build.0 = Release|Any CPU
		{B57D9131-B2AE-4C58-9655-D5797D4BB491}.Release|x64.ActiveCfg = Release|Any CPU
		{B57D9131-B2AE-4C58-9655-D5797D4BB491}.Release|x64.Build.0 = Release|Any CPU
		{B57D9131-B2AE-4C58-9655-D5797D4BB491}.Release|x86.ActiveCfg = Release|Any CPU
		{B57D9131-B2AE-4C58-9655-D5797D4BB491}.Release|x86.Build.0 = Release|Any CPU
		{1ABE850C-F731-4ABE-A00F-036E483EFCDE}.Debug|Any CPU.ActiveCfg = Debug|Any CPU
		{1ABE850C-F731-4ABE-A00F-036E483EFCDE}.Debug|Any CPU.Build.0 = Debug|Any CPU
		{1ABE850C-F731-4ABE-A00F-036E483EFCDE}.Debug|x64.ActiveCfg = Debug|Any CPU
		{1ABE850C-F731-4ABE-A00F-036E483EFCDE}.Debug|x64.Build.0 = Debug|Any CPU
		{1ABE850C-F731-4ABE-A00F-036E483EFCDE}.Debug|x86.ActiveCfg = Debug|Any CPU
		{1ABE850C-F731-4ABE-A00F-036E483EFCDE}.Debug|x86.Build.0 = Debug|Any CPU
		{1ABE850C-F731-4ABE-A00F-036E483EFCDE}.Release|Any CPU.ActiveCfg = Release|Any CPU
		{1ABE850C-F731-4ABE-A00F-036E483EFCDE}.Release|Any CPU.Build.0 = Release|Any CPU
		{1ABE850C-F731-4ABE-A00F-036E483EFCDE}.Release|x64.ActiveCfg = Release|Any CPU
		{1ABE850C-F731-4ABE-A00F-036E483EFCDE}.Release|x64.Build.0 = Release|Any CPU
		{1ABE850C-F731-4ABE-A00F-036E483EFCDE}.Release|x86.ActiveCfg = Release|Any CPU
		{1ABE850C-F731-4ABE-A00F-036E483EFCDE}.Release|x86.Build.0 = Release|Any CPU
	EndGlobalSection
	GlobalSection(SolutionProperties) = preSolution
		HideSolutionNode = FALSE
	EndGlobalSection
	GlobalSection(NestedProjects) = preSolution
		{824093C4-3627-4E25-AE0F-CF02740A9FF4} = {827E0CD3-B72D-47B6-A68D-7590B98EB39B}
		{D842DDD9-AA2D-4E6E-83DD-59AC206F673E} = {0AB3BF05-4346-4AA6-1389-037BE0695223}
		{AC4471FF-7477-4A19-AB21-03C29280A917} = {760AB15A-8938-8D9B-BEDE-5CE1484B84C3}
		{D42D4E25-D7F8-441E-A9DF-6DC97E3FAFC0} = {827E0CD3-B72D-47B6-A68D-7590B98EB39B}
		{063F0D90-21B0-4B4F-A849-3859E1E3E67C} = {827E0CD3-B72D-47B6-A68D-7590B98EB39B}
		{E3239E7D-D1DF-48AD-8B19-471D23F0B80E} = {0AB3BF05-4346-4AA6-1389-037BE0695223}
		{8010F683-8BA8-4D9C-9B0E-E51DE3F5DF3B} = {827E0CD3-B72D-47B6-A68D-7590B98EB39B}
		{22015D10-9CDE-472B-8EB6-B7B4F8F52C2C} = {0AB3BF05-4346-4AA6-1389-037BE0695223}
		{FDB48F9D-9A31-4D1D-AF37-F769B7F086B9} = {827E0CD3-B72D-47B6-A68D-7590B98EB39B}
		{E805379D-AFFE-4430-A803-E54F579551F0} = {0AB3BF05-4346-4AA6-1389-037BE0695223}
		{0AAF3F8D-173F-4515-9409-B46AB57FEB4E} = {827E0CD3-B72D-47B6-A68D-7590B98EB39B}
		{005EB68C-89AC-4131-860D-3C626468278D} = {0AB3BF05-4346-4AA6-1389-037BE0695223}
		{434D2C84-58A3-4E0B-9E74-66C9408BB7D7} = {827E0CD3-B72D-47B6-A68D-7590B98EB39B}
		{EE79A16F-73B6-4272-94CC-DDA5473E5C1E} = {0AB3BF05-4346-4AA6-1389-037BE0695223}
		{B57D9131-B2AE-4C58-9655-D5797D4BB491} = {827E0CD3-B72D-47B6-A68D-7590B98EB39B}
		{1ABE850C-F731-4ABE-A00F-036E483EFCDE} = {0AB3BF05-4346-4AA6-1389-037BE0695223}
	EndGlobalSection
EndGlobal
